
Microsoft Visual Studio Solution File, Format Version 12.00
# Visual Studio Version 17
VisualStudioVersion = 17.11.35303.130
MinimumVisualStudioVersion = 10.0.40219.1
Project("{FAE04EC0-301F-11D3-BF4B-00C04F79EFBC}") = "SampleAspNetCore8WithIdentityRoleBase", "SampleAspNetCore8WithIdentityRoleBase.csproj", "{46BF7912-002D-4A48-95AC-D30D94F24F51}"
EndProject
Global
	GlobalSection(SolutionConfigurationPlatforms) = preSolution
		Debug|Any CPU = Debug|Any CPU
		Release|Any CPU = Release|Any CPU
	EndGlobalSection
	GlobalSection(ProjectConfigurationPlatforms) = postSolution
		{46BF7912-002D-4A48-95AC-D30D94F24F51}.Debug|Any CPU.ActiveCfg = Debug|Any CPU
		{46BF7912-002D-4A48-95AC-D30D94F24F51}.Debug|Any CPU.Build.0 = Debug|Any CPU
		{46BF7912-002D-4A48-95AC-D30D94F24F51}.Release|Any CPU.ActiveCfg = Release|Any CPU
		{46BF7912-002D-4A48-95AC-D30D94F24F51}.Release|Any CPU.Build.0 = Release|Any CPU
	EndGlobalSection
	GlobalSection(SolutionProperties) = preSolution
		HideSolutionNode = FALSE
	EndGlobalSection
	GlobalSection(ExtensibilityGlobals) = postSolution
		SolutionGuid = {DDC564E9-F407-4D78-B08F-6CEA8E27FB04}
	EndGlobalSection
EndGlobal
